# This file is automatically @generated by Cargo.
# It is not intended for manual editing.
version = 3

[[package]]
name = "postcard-cobs"
version = "0.2.0"
source = "registry+https://github.com/rust-lang/crates.io-index"
checksum = "78eac0ec394e2eb837b258d587ec78cf19974fbe5ada0068e2ee732533b52fbd"

[[package]]
name = "sportty"
version = "0.1.0"
dependencies = [
 "postcard-cobs",
]
